
Microsoft Visual Studio Solution File, Format Version 12.00
Project("{FAE04EC0-301F-11D3-BF4B-00C04F79EFBC}") = "Kafka.Producer", "Kafka.Producer\Kafka.Producer.csproj", "{5067D4DB-E157-45CF-8E4E-F047AE55BDAC}"
EndProject
Project("{2150E333-8FDC-42A3-9474-1A3956D46DE8}") = "Kafka", "Kafka", "{7C933209-8904-4280-B608-2130F25B773D}"
EndProject
Project("{2150E333-8FDC-42A3-9474-1A3956D46DE8}") = "Producer", "Producer", "{0609D409-FC55-48B8-BE05-F881B7752A77}"
EndProject
Project("{FAE04EC0-301F-11D3-BF4B-00C04F79EFBC}") = "Kafka.Producer.Messaging", "Kafka.Producer.Messaging\Kafka.Producer.Messaging.csproj", "{304DFC03-BD2E-4DB9-960F-89A33606DB8A}"
EndProject
Project("{2150E333-8FDC-42A3-9474-1A3956D46DE8}") = "Consumer", "Consumer", "{2ABEDF6A-147E-4EE0-B5C2-3D81E25A7EF1}"
EndProject
Project("{FAE04EC0-301F-11D3-BF4B-00C04F79EFBC}") = "Kafka.Consumer", "Kafka.Consumer\Kafka.Consumer.csproj", "{D977379D-B89E-4271-9C5D-5E3EB9E844BF}"
EndProject
Project("{FAE04EC0-301F-11D3-BF4B-00C04F79EFBC}") = "Kafka.Consumer.Messaging", "Kafka.Consumer.Messaging\Kafka.Consumer.Messaging.csproj", "{96442798-7E1F-47C2-9769-640D86572810}"
EndProject
Project("{2150E333-8FDC-42A3-9474-1A3956D46DE8}") = "RabbitMq", "RabbitMq", "{15582F89-FA44-4405-B074-2EBCA9CCADC3}"
EndProject
Project("{2150E333-8FDC-42A3-9474-1A3956D46DE8}") = "Producer", "Producer", "{66F770CD-FE44-45E8-ABB0-F071A8FD49EB}"
EndProject
Project("{FAE04EC0-301F-11D3-BF4B-00C04F79EFBC}") = "RabbitMq.Producer.Messaging", "RabbitMq.Producer.Messaging\RabbitMq.Producer.Messaging.csproj", "{FA009710-55E7-42E1-BCD5-1355BADDA344}"
EndProject
Project("{FAE04EC0-301F-11D3-BF4B-00C04F79EFBC}") = "RabbitMq.Producer", "RabbitMq.Producer\RabbitMq.Producer.csproj", "{0206FB3B-8C58-4508-AF6A-AD40BFD4FBE9}"
EndProject
Global
	GlobalSection(SolutionConfigurationPlatforms) = preSolution
		Debug|Any CPU = Debug|Any CPU
		Release|Any CPU = Release|Any CPU
	EndGlobalSection
	GlobalSection(ProjectConfigurationPlatforms) = postSolution
		{5067D4DB-E157-45CF-8E4E-F047AE55BDAC}.Debug|Any CPU.ActiveCfg = Debug|Any CPU
		{5067D4DB-E157-45CF-8E4E-F047AE55BDAC}.Debug|Any CPU.Build.0 = Debug|Any CPU
		{5067D4DB-E157-45CF-8E4E-F047AE55BDAC}.Release|Any CPU.ActiveCfg = Release|Any CPU
		{5067D4DB-E157-45CF-8E4E-F047AE55BDAC}.Release|Any CPU.Build.0 = Release|Any CPU
		{304DFC03-BD2E-4DB9-960F-89A33606DB8A}.Debug|Any CPU.ActiveCfg = Debug|Any CPU
		{304DFC03-BD2E-4DB9-960F-89A33606DB8A}.Debug|Any CPU.Build.0 = Debug|Any CPU
		{304DFC03-BD2E-4DB9-960F-89A33606DB8A}.Release|Any CPU.ActiveCfg = Release|Any CPU
		{304DFC03-BD2E-4DB9-960F-89A33606DB8A}.Release|Any CPU.Build.0 = Release|Any CPU
		{D977379D-B89E-4271-9C5D-5E3EB9E844BF}.Debug|Any CPU.ActiveCfg = Debug|Any CPU
		{D977379D-B89E-4271-9C5D-5E3EB9E844BF}.Debug|Any CPU.Build.0 = Debug|Any CPU
		{D977379D-B89E-4271-9C5D-5E3EB9E844BF}.Release|Any CPU.ActiveCfg = Release|Any CPU
		{D977379D-B89E-4271-9C5D-5E3EB9E844BF}.Release|Any CPU.Build.0 = Release|Any CPU
		{96442798-7E1F-47C2-9769-640D86572810}.Debug|Any CPU.ActiveCfg = Debug|Any CPU
		{96442798-7E1F-47C2-9769-640D86572810}.Debug|Any CPU.Build.0 = Debug|Any CPU
		{96442798-7E1F-47C2-9769-640D86572810}.Release|Any CPU.ActiveCfg = Release|Any CPU
		{96442798-7E1F-47C2-9769-640D86572810}.Release|Any CPU.Build.0 = Release|Any CPU
		{FA009710-55E7-42E1-BCD5-1355BADDA344}.Debug|Any CPU.ActiveCfg = Debug|Any CPU
		{FA009710-55E7-42E1-BCD5-1355BADDA344}.Debug|Any CPU.Build.0 = Debug|Any CPU
		{FA009710-55E7-42E1-BCD5-1355BADDA344}.Release|Any CPU.ActiveCfg = Release|Any CPU
		{FA009710-55E7-42E1-BCD5-1355BADDA344}.Release|Any CPU.Build.0 = Release|Any CPU
		{0206FB3B-8C58-4508-AF6A-AD40BFD4FBE9}.Debug|Any CPU.ActiveCfg = Debug|Any CPU
		{0206FB3B-8C58-4508-AF6A-AD40BFD4FBE9}.Debug|Any CPU.Build.0 = Debug|Any CPU
		{0206FB3B-8C58-4508-AF6A-AD40BFD4FBE9}.Release|Any CPU.ActiveCfg = Release|Any CPU
		{0206FB3B-8C58-4508-AF6A-AD40BFD4FBE9}.Release|Any CPU.Build.0 = Release|Any CPU
	EndGlobalSection
	GlobalSection(NestedProjects) = preSolution
		{0609D409-FC55-48B8-BE05-F881B7752A77} = {7C933209-8904-4280-B608-2130F25B773D}
		{5067D4DB-E157-45CF-8E4E-F047AE55BDAC} = {0609D409-FC55-48B8-BE05-F881B7752A77}
		{304DFC03-BD2E-4DB9-960F-89A33606DB8A} = {0609D409-FC55-48B8-BE05-F881B7752A77}
		{2ABEDF6A-147E-4EE0-B5C2-3D81E25A7EF1} = {7C933209-8904-4280-B608-2130F25B773D}
		{D977379D-B89E-4271-9C5D-5E3EB9E844BF} = {2ABEDF6A-147E-4EE0-B5C2-3D81E25A7EF1}
		{96442798-7E1F-47C2-9769-640D86572810} = {2ABEDF6A-147E-4EE0-B5C2-3D81E25A7EF1}
		{66F770CD-FE44-45E8-ABB0-F071A8FD49EB} = {15582F89-FA44-4405-B074-2EBCA9CCADC3}
		{FA009710-55E7-42E1-BCD5-1355BADDA344} = {66F770CD-FE44-45E8-ABB0-F071A8FD49EB}
		{0206FB3B-8C58-4508-AF6A-AD40BFD4FBE9} = {66F770CD-FE44-45E8-ABB0-F071A8FD49EB}
	EndGlobalSection
EndGlobal
